
Microsoft Visual Studio Solution File, Format Version 12.00
# Visual Studio 15
VisualStudioVersion = 15.0.26124.0
MinimumVisualStudioVersion = 15.0.26124.0
Project("{FAE04EC0-301F-11D3-BF4B-00C04F79EFBC}") = "API", "API\API.csproj", "{2615D7A0-D879-4CAD-BD88-418BAEBE5F70}"
EndProject
Project("{FAE04EC0-301F-11D3-BF4B-00C04F79EFBC}") = "Core", "Core\Core.csproj", "{93FDABEC-AECF-4F38-AE13-1D894319D494}"
EndProject
Project("{FAE04EC0-301F-11D3-BF4B-00C04F79EFBC}") = "Infrastructure", "Infrastructure\Infrastructure.csproj", "{082FFCCA-150C-4433-9C3B-595486427FFC}"
EndProject
Global
	GlobalSection(SolutionConfigurationPlatforms) = preSolution
		Debug|Any CPU = Debug|Any CPU
		Debug|x64 = Debug|x64
		Debug|x86 = Debug|x86
		Release|Any CPU = Release|Any CPU
		Release|x64 = Release|x64
		Release|x86 = Release|x86
	EndGlobalSection
	GlobalSection(SolutionProperties) = preSolution
		HideSolutionNode = FALSE
	EndGlobalSection
	GlobalSection(ProjectConfigurationPlatforms) = postSolution
		{2615D7A0-D879-4CAD-BD88-418BAEBE5F70}.Debug|Any CPU.ActiveCfg = Debug|Any CPU
		{2615D7A0-D879-4CAD-BD88-418BAEBE5F70}.Debug|Any CPU.Build.0 = Debug|Any CPU
		{2615D7A0-D879-4CAD-BD88-418BAEBE5F70}.Debug|x64.ActiveCfg = Debug|Any CPU
		{2615D7A0-D879-4CAD-BD88-418BAEBE5F70}.Debug|x64.Build.0 = Debug|Any CPU
		{2615D7A0-D879-4CAD-BD88-418BAEBE5F70}.Debug|x86.ActiveCfg = Debug|Any CPU
		{2615D7A0-D879-4CAD-BD88-418BAEBE5F70}.Debug|x86.Build.0 = Debug|Any CPU
		{2615D7A0-D879-4CAD-BD88-418BAEBE5F70}.Release|Any CPU.ActiveCfg = Release|Any CPU
		{2615D7A0-D879-4CAD-BD88-418BAEBE5F70}.Release|Any CPU.Build.0 = Release|Any CPU
		{2615D7A0-D879-4CAD-BD88-418BAEBE5F70}.Release|x64.ActiveCfg = Release|Any CPU
		{2615D7A0-D879-4CAD-BD88-418BAEBE5F70}.Release|x64.Build.0 = Release|Any CPU
		{2615D7A0-D879-4CAD-BD88-418BAEBE5F70}.Release|x86.ActiveCfg = Release|Any CPU
		{2615D7A0-D879-4CAD-BD88-418BAEBE5F70}.Release|x86.Build.0 = Release|Any CPU
		{93FDABEC-AECF-4F38-AE13-1D894319D494}.Debug|Any CPU.ActiveCfg = Debug|Any CPU
		{93FDABEC-AECF-4F38-AE13-1D894319D494}.Debug|Any CPU.Build.0 = Debug|Any CPU
		{93FDABEC-AECF-4F38-AE13-1D894319D494}.Debug|x64.ActiveCfg = Debug|Any CPU
		{93FDABEC-AECF-4F38-AE13-1D894319D494}.Debug|x64.Build.0 = Debug|Any CPU
		{93FDABEC-AECF-4F38-AE13-1D894319D494}.Debug|x86.ActiveCfg = Debug|Any CPU
		{93FDABEC-AECF-4F38-AE13-1D894319D494}.Debug|x86.Build.0 = Debug|Any CPU
		{93FDABEC-AECF-4F38-AE13-1D894319D494}.Release|Any CPU.ActiveCfg = Release|Any CPU
		{93FDABEC-AECF-4F38-AE13-1D894319D494}.Release|Any CPU.Build.0 = Release|Any CPU
		{93FDABEC-AECF-4F38-AE13-1D894319D494}.Release|x64.ActiveCfg = Release|Any CPU
		{93FDABEC-AECF-4F38-AE13-1D894319D494}.Release|x64.Build.0 = Release|Any CPU
		{93FDABEC-AECF-4F38-AE13-1D894319D494}.Release|x86.ActiveCfg = Release|Any CPU
		{93FDABEC-AECF-4F38-AE13-1D894319D494}.Release|x86.Build.0 = Release|Any CPU
		{082FFCCA-150C-4433-9C3B-595486427FFC}.Debug|Any CPU.ActiveCfg = Debug|Any CPU
		{082FFCCA-150C-4433-9C3B-595486427FFC}.Debug|Any CPU.Build.0 = Debug|Any CPU
		{082FFCCA-150C-4433-9C3B-595486427FFC}.Debug|x64.ActiveCfg = Debug|Any CPU
		{082FFCCA-150C-4433-9C3B-595486427FFC}.Debug|x64.Build.0 = Debug|Any CPU
		{082FFCCA-150C-4433-9C3B-595486427FFC}.Debug|x86.ActiveCfg = Debug|Any CPU
		{082FFCCA-150C-4433-9C3B-595486427FFC}.Debug|x86.Build.0 = Debug|Any CPU
		{082FFCCA-150C-4433-9C3B-595486427FFC}.Release|Any CPU.ActiveCfg = Release|Any CPU
		{082FFCCA-150C-4433-9C3B-595486427FFC}.Release|Any CPU.Build.0 = Release|Any CPU
		{082FFCCA-150C-4433-9C3B-595486427FFC}.Release|x64.ActiveCfg = Release|Any CPU
		{082FFCCA-150C-4433-9C3B-595486427FFC}.Release|x64.Build.0 = Release|Any CPU
		{082FFCCA-150C-4433-9C3B-595486427FFC}.Release|x86.ActiveCfg = Release|Any CPU
		{082FFCCA-150C-4433-9C3B-595486427FFC}.Release|x86.Build.0 = Release|Any CPU
	EndGlobalSection
EndGlobal
